
Microsoft Visual Studio Solution File, Format Version 12.00
# Visual Studio Version 16
VisualStudioVersion = 16.0.33130.400
MinimumVisualStudioVersion = 10.0.40219.1
Project("{FAE04EC0-301F-11D3-BF4B-00C04F79EFBC}") = "M10FB1_HFT_2022232.Client", "M10FB1_HFT_2022232.Client\M10FB1_HFT_2022232.Client.csproj", "{CE580AD6-1464-4625-9711-77D19C3FF5BC}"
EndProject
Project("{FAE04EC0-301F-11D3-BF4B-00C04F79EFBC}") = "M10FB1_HFT_2022232.Models", "M10FB1_HFT_2022232.Models\M10FB1_HFT_2022232.Models.csproj", "{EC9684C2-035B-4787-B042-04969E35D1FB}"
EndProject
Project("{FAE04EC0-301F-11D3-BF4B-00C04F79EFBC}") = "M10FB1_HFT_2022232.Logic", "M10FB1_HFT_2022232.Logic\M10FB1_HFT_2022232.Logic.csproj", "{ADD5A254-3D2D-4924-929E-5FE4849D95C2}"
EndProject
Project("{FAE04EC0-301F-11D3-BF4B-00C04F79EFBC}") = "M10FB1_HFT_2022232.Repository", "M10FB1_HFT_2022232.Repository\M10FB1_HFT_2022232.Repository.csproj", "{C533EBE2-CCC4-4C99-8408-DF0F09C38006}"
EndProject
Project("{FAE04EC0-301F-11D3-BF4B-00C04F79EFBC}") = "M10FB1_HFT_2022232.Endpoint", "M10FB1_HFT_2022232.Endpoint\M10FB1_HFT_2022232.Endpoint.csproj", "{48CEB466-9D81-449E-83EC-FE217BBD578D}"
EndProject
Project("{FAE04EC0-301F-11D3-BF4B-00C04F79EFBC}") = "M10FB1_HFT_2022232.Test", "M10FB1_HFT_2022232.Test\M10FB1_HFT_2022232.Test.csproj", "{DC29428F-9F47-451C-8383-1978DD8ACE9D}"
EndProject
Project("{2150E333-8FDC-42A3-9474-1A3956D46DE8}") = "Backend", "Backend", "{B9B4E38A-41DC-4A9A-B8D5-161B66DC012D}"
EndProject
Project("{2150E333-8FDC-42A3-9474-1A3956D46DE8}") = "Frontend", "Frontend", "{1C0B02BD-89C8-4E38-9438-43DD287534AF}"
EndProject
Project("{2150E333-8FDC-42A3-9474-1A3956D46DE8}") = "Shared", "Shared", "{BDBEC834-B7CF-414A-B085-3B53DB88F619}"
EndProject
Project("{2150E333-8FDC-42A3-9474-1A3956D46DE8}") = "Others", "Others", "{52DC2904-69AC-4F8F-814C-8CC13434CAA2}"
	ProjectSection(SolutionItems) = preProject
		.gitignore = .gitignore
	EndProjectSection
EndProject
Global
	GlobalSection(SolutionConfigurationPlatforms) = preSolution
		Debug|Any CPU = Debug|Any CPU
		Release|Any CPU = Release|Any CPU
	EndGlobalSection
	GlobalSection(ProjectConfigurationPlatforms) = postSolution
		{CE580AD6-1464-4625-9711-77D19C3FF5BC}.Debug|Any CPU.ActiveCfg = Debug|Any CPU
		{CE580AD6-1464-4625-9711-77D19C3FF5BC}.Debug|Any CPU.Build.0 = Debug|Any CPU
		{CE580AD6-1464-4625-9711-77D19C3FF5BC}.Release|Any CPU.ActiveCfg = Release|Any CPU
		{CE580AD6-1464-4625-9711-77D19C3FF5BC}.Release|Any CPU.Build.0 = Release|Any CPU
		{EC9684C2-035B-4787-B042-04969E35D1FB}.Debug|Any CPU.ActiveCfg = Debug|Any CPU
		{EC9684C2-035B-4787-B042-04969E35D1FB}.Debug|Any CPU.Build.0 = Debug|Any CPU
		{EC9684C2-035B-4787-B042-04969E35D1FB}.Release|Any CPU.ActiveCfg = Release|Any CPU
		{EC9684C2-035B-4787-B042-04969E35D1FB}.Release|Any CPU.Build.0 = Release|Any CPU
		{ADD5A254-3D2D-4924-929E-5FE4849D95C2}.Debug|Any CPU.ActiveCfg = Debug|Any CPU
		{ADD5A254-3D2D-4924-929E-5FE4849D95C2}.Debug|Any CPU.Build.0 = Debug|Any CPU
		{ADD5A254-3D2D-4924-929E-5FE4849D95C2}.Release|Any CPU.ActiveCfg = Release|Any CPU
		{ADD5A254-3D2D-4924-929E-5FE4849D95C2}.Release|Any CPU.Build.0 = Release|Any CPU
		{C533EBE2-CCC4-4C99-8408-DF0F09C38006}.Debug|Any CPU.ActiveCfg = Debug|Any CPU
		{C533EBE2-CCC4-4C99-8408-DF0F09C38006}.Debug|Any CPU.Build.0 = Debug|Any CPU
		{C533EBE2-CCC4-4C99-8408-DF0F09C38006}.Release|Any CPU.ActiveCfg = Release|Any CPU
		{C533EBE2-CCC4-4C99-8408-DF0F09C38006}.Release|Any CPU.Build.0 = Release|Any CPU
		{48CEB466-9D81-449E-83EC-FE217BBD578D}.Debug|Any CPU.ActiveCfg = Debug|Any CPU
		{48CEB466-9D81-449E-83EC-FE217BBD578D}.Debug|Any CPU.Build.0 = Debug|Any CPU
		{48CEB466-9D81-449E-83EC-FE217BBD578D}.Release|Any CPU.ActiveCfg = Release|Any CPU
		{48CEB466-9D81-449E-83EC-FE217BBD578D}.Release|Any CPU.Build.0 = Release|Any CPU
		{DC29428F-9F47-451C-8383-1978DD8ACE9D}.Debug|Any CPU.ActiveCfg = Debug|Any CPU
		{DC29428F-9F47-451C-8383-1978DD8ACE9D}.Debug|Any CPU.Build.0 = Debug|Any CPU
		{DC29428F-9F47-451C-8383-1978DD8ACE9D}.Release|Any CPU.ActiveCfg = Release|Any CPU
		{DC29428F-9F47-451C-8383-1978DD8ACE9D}.Release|Any CPU.Build.0 = Release|Any CPU
	EndGlobalSection
	GlobalSection(SolutionProperties) = preSolution
		HideSolutionNode = FALSE
	EndGlobalSection
	GlobalSection(NestedProjects) = preSolution
		{CE580AD6-1464-4625-9711-77D19C3FF5BC} = {1C0B02BD-89C8-4E38-9438-43DD287534AF}
		{EC9684C2-035B-4787-B042-04969E35D1FB} = {BDBEC834-B7CF-414A-B085-3B53DB88F619}
		{ADD5A254-3D2D-4924-929E-5FE4849D95C2} = {B9B4E38A-41DC-4A9A-B8D5-161B66DC012D}
		{C533EBE2-CCC4-4C99-8408-DF0F09C38006} = {B9B4E38A-41DC-4A9A-B8D5-161B66DC012D}
		{48CEB466-9D81-449E-83EC-FE217BBD578D} = {B9B4E38A-41DC-4A9A-B8D5-161B66DC012D}
		{DC29428F-9F47-451C-8383-1978DD8ACE9D} = {B9B4E38A-41DC-4A9A-B8D5-161B66DC012D}
	EndGlobalSection
	GlobalSection(ExtensibilityGlobals) = postSolution
		SolutionGuid = {BA55F96B-13F0-49EC-BA1E-BBF1BFE7D7B1}
	EndGlobalSection
EndGlobal
